langcode: en
status: true
dependencies:
  config:
    - field.storage.paragraph.field_block
    - paragraphs.paragraphs_type.block
  module:
    - block_field
id: paragraph.block.field_block
field_name: field_block
entity_type: paragraph
bundle: block
label: Block
description: ''
required: false
translatable: false
default_value: {  }
default_value_callback: ''
settings:
  selection: categories
  selection_settings:
    categories:
      'Content block': 'Content block'
      'Lists (Views)': 'Lists (Views)'
      Webform: Webform
      Block: '0'
      Commerce: '0'
      core: '0'
      Devel: '0'
      Editoria11y: '0'
      Forms: '0'
      Help: '0'
      'Kamihaya Blocks': '0'
      Menus: '0'
      'Responsive Preview': '0'
      System: '0'
      ユーザー: '0'
field_type: block_field
