langcode: en
status: true
dependencies:
  content:
    - 'file:file:bc7ce4ae-41c8-4356-818d-f10253a8a85f'
id: block
label: Block
icon_uuid: bc7ce4ae-41c8-4356-818d-f10253a8a85f
icon_default: 'data:image/png;base64,iVBORw0KGgoAAAANSUhEUgAAAUgAAAE+CAYAAADvb4nvAAAABGdBTUEAALGPC/xhBQAAACBjSFJNAAB6JgAAgIQAAPoAAACA6AAAdTAAAOpgAAA6mAAAF3CculE8AAAAUGVYSWZNTQAqAAAACAACARIAAwAAAAEAAQAAh2kABAAAAAEAAAAmAAAAAAADoAEAAwAAAAEAAQAAoAIABAAAAAEAAAFIoAMABAAAAAEAAAE+AAAAANBwGNoAAAIyaVRYdFhNTDpjb20uYWRvYmUueG1wAAAAAAA8eDp4bXBtZXRhIHhtbG5zOng9ImFkb2JlOm5zOm1ldGEvIiB4OnhtcHRrPSJYTVAgQ29yZSA2LjAuMCI+CiAgIDxyZGY6UkRGIHhtbG5zOnJkZj0iaHR0cDovL3d3dy53My5vcmcvMTk5OS8wMi8yMi1yZGYtc3ludGF4LW5zIyI+CiAgICAgIDxyZGY6RGVzY3JpcHRpb24gcmRmOmFib3V0PSIiCiAgICAgICAgICAgIHhtbG5zOmV4aWY9Imh0dHA6Ly9ucy5hZG9iZS5jb20vZXhpZi8xLjAvIgogICAgICAgICAgICB4bWxuczp0aWZmPSJodHRwOi8vbnMuYWRvYmUuY29tL3RpZmYvMS4wLyI+CiAgICAgICAgIDxleGlmOlBpeGVsWURpbWVuc2lvbj4zMTg8L2V4aWY6UGl4ZWxZRGltZW5zaW9uPgogICAgICAgICA8ZXhpZjpQaXhlbFhEaW1lbnNpb24+MzI4PC9leGlmOlBpeGVsWERpbWVuc2lvbj4KICAgICAgICAgPGV4aWY6Q29sb3JTcGFjZT4xPC9leGlmOkNvbG9yU3BhY2U+CiAgICAgICAgIDx0aWZmOk9yaWVudGF0aW9uPjE8L3RpZmY6T3JpZW50YXRpb24+CiAgICAgIDwvcmRmOkRlc2NyaXB0aW9uPgogICA8L3JkZjpSREY+CjwveDp4bXBtZXRhPgqDEJtRAAAQOklEQVR4Ae3dwW5VVRcH8N1rI6UxEakNnZhAHBCFpK9gTARieIY+gCOIPIYGJ0wc3mcgBmJihDfoQB0ZQ5y0QTQmUkBi/TjnSyutPUGSvc9m7fM7yQ29596uvddvnf5zSyl34e9nR3rBce/evXTnzp20tbWVtre3X/BsDxMg8LICy8vLqbutrKykpaWll/10z/8PAqurq+nkyZPp7Nmz6cSJE//hM1JaHHrW7u5uun79erp79256+PDh0NOcJ0CAQCiBhYWFdP78+XTp0qV04cKF1N0fOhaOegV58+bNdOPGjfT06dOhz3OeAAEC4QVOnz6drl69ms6dO3dkL/8KyM8++yzdunXryCc7SYAAgdYEFhcX05UrV/pXlId7OxCQwvEwj/sECExF4Nq1a/8Kydle89231V457mn4kwCBqQl88cUX6bvvvjvQdv8KsvuBzOXLl9Off/554EF3CBAgMCWBM2fOpC+//HL/Bzf9K8guOYXjlC4DvRIgcJTATz/9lL7++uv9h/qA/Pbbb/dP+IAAAQJTFvjqq6/225/9/PPPaWdnZ/+EDwgQIDBlge+//z79/vvvPcHsm2++mbKF3gkQIHBAoPuZzA8//NCfm3W/PuggQIAAgX8Efv311/7O7MGDB/+c9REBAgQIpN9++61XmP311184CBAgQOA5gb1c3P+H4s895kMCBAgQeCYgIF0GBAgQGBAQkAMwThMgQEBAugYIECAwICAgB2CcJkCAgIB0DRAgQGBAQEAOwDhNgAABAekaIECAwICAgByAcZoAAQIC0jVAgACBAYHBt30deP5Ln37jjTfSu++++9Kf5xMIRBUo/f7x6+vrqbtN+djc3EzdrfRRPCC7cPz8889L96E+gVdGYD6fp+5W6ujCcWNjo1T5EHU73zEC0rfYIS4HmyRAoIaAgKyhbk0CBEIICMgQY7JJAgRqCAjIGurWJEAghICADDEmmyRAoIaAgKyhbk0CBEIICMgQY7JJAgRqCAjIGurWJEAghICADDEmmyRAoIaAgKyhbk0CBEIICMgQY7JJAgRqCAjIGurWJEAghICADDEmmyRAoIaAgKyhbk0CBEIICMgQY7JJAgRqCAjIGurWJEAghICADDEmmyRAoIaAgKyhbk0CBEIICMgQY7JJAgRqCAjIGurWJEAghICADDEmmyRAoIaAgKyhbk0CBEIICMgQY7JJAgRqCAjIGurWJEAghICADDEmmyRAoIaAgKyhbk0CBEIICMgQY7JJAgRqCAjIGurWJEAghICADDEmmyRAoIaAgKyhbk0CBEIICMgQY7JJAgRqCAjIGurWJEAghICADDEmmyRAoIaAgKyhbk0CBEIICMgQY7JJAgRqCAjIGurWJEAghICADDEmmyRAoIaAgKyhbk0CBEIICMgQY7JJAgRqCAjIGurWJEAghICADDEmmyRAoIaAgKyhbk0CBEIICMgQY7JJAgRqCAjIGurWJEAghICADDEmmyRAoIaAgKyhbk0CBEIICMgQY7JJAgRqCAjIGurWJEAghICADDEmmyRAoIaAgKyhbk0CBEIICMgQY7JJAgRqCAjIGurWJEAghICADDEmmyRAoIaAgKyhbk0CBEIICMgQY7JJAgRqCAjIGurWJEAghICADDEmmyRAoIaAgKyhbk0CBEIICMgQY7JJAgRqCAjIGurWJEAghICADDEmmyRAoIaAgKyhbk0CBEIICMgQY7JJAgRqCAjIGurWJEAghICADDEmmyRAoIaAgKyhbk0CBEIICMgQY7JJAgRqCAjIGurWJEAghICADDEmmyRAoIaAgKyhbk0CBEIICMgQY7JJAgRqCAjIGurWJEAghICADDEmmyRAoIaAgKyhbk0CBEIICMgQY7JJAgRqCAjIGurWJEAghICADDEmmyRAoIaAgKyhbk0CBEIICMgQY7JJAgRqCAjIGurWJEAghICADDEmmyRAoIbAYulFt7a20nw+L71M+PqPHz9ODx48SDs7O/0tfEMTbqC75ksem5ubk/+a6gzGOIoH5Pb29uSHOcYgrTEdgS4cxgqI6age3alvsY92cZYAAQJJQLoICBAgMCAgIAdgnCZAgICAdA0QIEBgQEBADsA4TYAAAQHpGiBAgMCAgIAcgHGaAAECAtI1QIAAgUMCT5486c8IyEMw7hIgQOD+/fs9goB0LRAgQOCQwKNHj/ozs2fHoYfcJUCAwLQFuv8boTtmS0tL05bQPQECBA4J7O7u9mdmx48fP/SQuwQIECDQCcxWV1dJECBAgMARArNjx44dcdopAgQIEPATGtcAAQIEBgQE5ACM0wQIEBCQrgECBAgMCAjIARinCRAgICBdAwQIEBgQEJADME4TIEBAQLoGCBAgMCBQ/G1f19fXU3eb8lH6bTpPnTqV1tbWpkwcvvfl5eXU/Vbb22+/nfz674vHefv27dS9pXTpY5SA3NjYKN3HK11/Pp8XfR/jixcvpqkbv9IXgM1lF+hedIwRkL7Fzj46BQkQaEVAQLYySX0QIJBdQEBmJ1WQAIFWBARkK5PUBwEC2QUEZHZSBQkQaEVAQLYySX0QIJBdQEBmJ1WQAIFWBARkK5PUBwEC2QUEZHZSBQkQaEVAQLYySX0QIJBdQEBmJ1WQAIFWBARkK5PUBwEC2QUEZHZSBQkQaEVAQLYySX0QIJBdQEBmJ1WQAIFWBARkK5PUBwEC2QUEZHZSBQkQaEVAQLYySX0QIJBdQEBmJ1WQAIFWBARkK5PUBwEC2QUEZHZSBQkQaEVAQLYySX0QIJBdQEBmJ1WQAIFWBARkK5PUBwEC2QUEZHZSBQkQaEVAQLYySX0QIJBdQEBmJ1WQAIFWBARkK5PUBwEC2QUEZHZSBQkQaEVAQLYySX0QIJBdQEBmJ1WQAIFWBARkK5PUBwEC2QUEZHZSBQkQaEVAQLYySX0QIJBdQEBmJ1WQAIFWBARkK5PUBwEC2QUEZHZSBQkQaEVAQLYySX0QIJBdQEBmJ1WQAIFWBARkK5PUBwEC2QUEZHZSBQkQaEVAQLYySX0QIJBdQEBmJ1WQAIFWBARkK5PUBwEC2QUEZHZSBQkQaEVAQLYySX0QIJBdQEBmJ1WQAIFWBARkK5PUBwEC2QUEZHZSBQkQaEVAQLYySX0QIJBdQEBmJ1WQAIFWBARkK5PUBwEC2QUEZHZSBQkQaEVAQLYySX0QIJBdQEBmJ1WQAIFWBARkK5PUBwEC2QUEZHZSBQkQaEVAQLYySX0QIJBdQEBmJ1WQAIFWBARkK5PUBwEC2QUEZHZSBQkQaEVAQLYySX0QIJBdQEBmJ1WQAIFWBARkK5PUBwEC2QUEZHZSBQkQaEVAQLYySX0QIJBdQEBmJ1WQAIFWBBZLN7K5uZnm83npZV7p+p1ByeP27dup9Bol9692SsvLy/1tZWUlLS0tIXmBwNbW1guekefhUQLSF2+eYQ1V2d7eTt3NQYBAXgHfYuf1VI0AgYYEBGRDw9QKAQJ5BQRkXk/VCBBoSEBANjRMrRAgkFdAQOb1VI0AgYYEBGRDw9QKAQJ5BQRkXk/VCBBoSGD25MmThtrRCgECBPIJzO7fv5+vmkoECBBoSGD26NGjhtrRCgECBPIJzB4/fpyvmkoECBBoQGA2+/+PZ2a7u7sNtKMFAgQI5BPY+w9D/BQ7n6lKBAg0InD8+PG+EwHZyEC1QYBAPoHV1dW+mIDMZ6oSAQKNCBw7dqzvREA2MlBtECCQX0BA5jdVkQCBRgQEZCOD1AYBAvkFBGR+UxUJEGhEQEA2MkhtECCQX0BA5jdVkQCBRgQEZCOD1AYBAvkFir/t66lTp9LFixfz77yxit3vxP/yyy+p+89DdnZ2GutuWu1079lc8m1419fXU3eb8tG9lfQYbyddPCDX1tbSxsbGlGep94kJzOfz1N1KHV04Tv1rqvMdIyB9i13qKlaXAIHwAgIy/Ag1QIBAKQEBWUpWXQIEwgsIyPAj1AABAqUEBGQpWXUJEAgvICDDj1ADBAiUEhCQpWTVJUAgvICADD9CDRAgUEpAQJaSVZcAgfACAjL8CDVAgEApAQFZSlZdAgTCCwjI8CPUAAECpQQEZClZdQkQCC8gIMOPUAMECJQSEJClZNUlQCC8gIAMP0INECBQSkBAlpJVlwCB8AICMvwINUCAQCkBAVlKVl0CBMILCMjwI9QAAQKlBARkKVl1CRAILyAgw49QAwQIlBIQkKVk1SVAILyAgAw/Qg0QIFBKQECWklWXAIHwAgIy/Ag1QIBAKQEBWUpWXQIEwgsIyPAj1AABAqUEBGQpWXUJEAgvICDDj1ADBAiUEhCQpWTVJUAgvICADD9CDRAgUEpAQJaSVZcAgfACAjL8CDVAgEApAQFZSlZdAgTCCwjI8CPUAAECpQQEZClZdQkQCC8gIMOPUAMECJQSEJClZNUlQCC8gIAMP0INECBQSkBAlpJVlwCB8AICMvwINUCAQCkBAVlKVl0CBMILCMjwI9QAAQKlBARkKVl1CRAILyAgw49QAwQIlBIQkKVk1SVAILyAgAw/Qg0QIFBKQECWklWXAIHwAgIy/Ag1QIBAKQEBWUpWXQIEwgsIyPAj1AABAqUEBGQpWXUJEAgvICDDj1ADBAiUEhCQpWTVJUAgvICADD9CDRAgUEpAQJaSVZcAgfACAjL8CDVAgEApAQFZSlZdAgTCCwjI8CPUAAECpQQEZClZdQkQCC8gIMOPUAMECJQSEJClZNUlQCC8gIAMP0INECBQSkBAlpJVlwCB8AICMvwINUCAQCkBAVlKVl0CBMILLJbu4Mcff0yffvpp6WXUJ/DKCGxtbRXdy+bmZprP50XXeNWLdwZjHMUD8o8//khjNTMGmDUI1Bbovp58TY0zBd9ij+NsFQIEAgoIyIBDs2UCBMYREJDjOFuFAIGAAgIy4NBsmQCBcQQE5DjOViFAIKCAgAw4NFsmQGAcAQE5jrNVCBAIKCAgAw7NlgkQGEdAQI7jbBUCBAIKCMiAQ7NlAgTGEZi99tpr46xkFQIECAQR2MvF2crKSpAt2yYBAgTGEXjrrbf6hWZra2vjrGgVAgQIBBE4efJkv9PZhx9+GGTLtkmAAIHyArPZLL333nv9QrN33nknLS8vl1/VCgQIEAgg8P7776c333yz32n/U+wPPvggwLZtkQABAuUFPv744/1F+oC8cuVKev311/dP+oAAAQJTFDhz5kz66KOP9lvvA7L7nvuTTz7ZP+kDAgQITE1gcXExdS8WFxYW9lvvA7K7d/ny5XTp0qX9B3xAgACBKQl04Xju3LkDLR94T5pr1671D966devAk9whQIBAqwJ7rxyPeoG48Pez43DjN2/eTDdu3EhPnz49/JD7BAgQaEbg9OnT6erVq/965bjX4JEB2T24u7ubrl+/nu7evZsePny493x/EiBAILRA93eM58+f7/9K8cKFCwf+zvFwY4MB+fwT7927l+7cuZO69/vd3t5+/iEfEyCQQaD7t8jdrfvV36WlpQwVlTgssLq6mrrfkDl79mw6ceLE4YePvP8/RmSM0i2H1C4AAAAASUVORK5CYII='
description: ''
behavior_plugins: {  }
